// !$*UTF8*$!
{
	archiveVersion = 1;
	classes = {
	};
	objectVersion = 46;
	objects = {

/* Begin PBXBuildFile section */
		2793864B1F1B86B900C3946A /* AppDelegate.swift in Sources */ = {isa = PBXBuildFile; fileRef = 2793864A1F1B86B900C3946A /* AppDelegate.swift */; };
		2793864D1F1B86B900C3946A /* ViewController.swift in Sources */ = {isa = PBXBuildFile; fileRef = 2793864C1F1B86B900C3946A /* ViewController.swift */; };
		279386501F1B86B900C3946A /* Main.storyboard in Resources */ = {isa = PBXBuildFile; fileRef = 2793864E1F1B86B900C3946A /* Main.storyboard */; };
		279386521F1B86B900C3946A /* Assets.xcassets in Resources */ = {isa = PBXBuildFile; fileRef = 279386511F1B86B900C3946A /* Assets.xcassets */; };
		279386551F1B86B900C3946A /* LaunchScreen.storyboard in Resources */ = {isa = PBXBuildFile; fileRef = 279386531F1B86B900C3946A /* LaunchScreen.storyboard */; };
/* End PBXBuildFile section */

/* Begin PBXFileReference section */
		279386471F1B86B900C3946A /* Banking App.app */ = {isa = PBXFileReference; explicitFileType = wrapper.application; includeInIndex = 0; path = "Banking App.app"; sourceTree = BUILT_PRODUCTS_DIR; };
		2793864A1F1B86B900C3946A /* AppDelegate.swift */ = {isa = PBXFileReference; lastKnownFileType = sourcecode.swift; path = AppDelegate.swift; sourceTree = "<group>"; };
		2793864C1F1B86B900C3946A /* ViewController.swift */ = {isa = PBXFileReference; lastKnownFileType = sourcecode.swift; path = ViewController.swift; sourceTree = "<group>"; };
		2793864F1F1B86B900C3946A /* Base */ = {isa = PBXFileReference; lastKnownFileType = file.storyboard; name = Base; path = Base.lproj/Main.storyboard; sourceTree = "<group>"; };
		279386511F1B86B900C3946A /* Assets.xcassets */ = {isa = PBXFileReference; lastKnownFileType = folder.assetcatalog; path = Assets.xcassets; sourceTree = "<group>"; };
		279386541F1B86B900C3946A /* Base */ = {isa = PBXFileReference; lastKnownFileType = file.storyboard; name = Base; path = Base.lproj/LaunchScreen.storyboard; sourceTree = "<group>"; };
		279386561F1B86B900C3946A /* Info.plist */ = {isa = PBXFileReference; lastKnownFileType = text.plist.xml; path = Info.plist; sourceTree = "<group>"; };
/* End PBXFileReference section */

/* Begin PBXFrameworksBuildPhase section */
		279386441F1B86B900C3946A /* Frameworks */ = {
			isa = PBXFrameworksBuildPhase;
			buildActionMask = 2147483647;
			files = (
			);
			runOnlyForDeploymentPostprocessing = 0;
		};
/* End PBXFrameworksBuildPhase section */

/* Begin PBXGroup section */
		2793863E1F1B86B900C3946A = {
			isa = PBXGroup;
			children = (
				279386491F1B86B900C3946A /* Banking App */,
				279386481F1B86B900C3946A /* Products */,
			);
			sourceTree = "<group>";
		};
		279386481F1B86B900C3946A /* Products */ = {
			isa = PBXGroup;
			children = (
				279386471F1B86B900C3946A /* Banking App.app */,
			);
			name = Products;
			sourceTree = "<group>";
		};
		279386491F1B86B900C3946A /* Banking App */ = {
			isa = PBXGroup;
			children = (
				2793864C1F1B86B900C3946A /* ViewController.swift */,
				2793864E1F1B86B900C3946A /* Main.storyboard */,
				2793865C1F1B86F500C3946A /* Supporting files */,
			);
			path = "Banking App";
			sourceTree = "<group>";
		};
		2793865C1F1B86F500C3946A /* Supporting files */ = {
			isa = PBXGroup;
			children = (
				2793864A1F1B86B900C3946A /* AppDelegate.swift */,
				279386511F1B86B900C3946A /* Assets.xcassets */,
				279386531F1B86B900C3946A /* LaunchScreen.storyboard */,
				279386561F1B86B900C3946A /* Info.plist */,
			);
			name = "Supporting files";
			sourceTree = "<group>";
		};
/* End PBXGroup section */

/* Begin PBXNativeTarget section */
		279386461F1B86B900C3946A /* Banking App */ = {
			isa = PBXNativeTarget;
			buildConfigurationList = 279386591F1B86B900C3946A /* Build configuration list for PBXNativeTarget "Banking App" */;
			buildPhases = (
				279386431F1B86B900C3946A /* Sources */,
				279386441F1B86B900C3946A /* Frameworks */,
				279386451F1B86B900C3946A /* Resources */,
			);
			buildRules = (
			);
			dependencies = (
			);
			name = "Banking App";
			productName = "Banking App";
			productReference = 279386471F1B86B900C3946A /* Banking App.app */;
			productType = "com.apple.product-type.application";
		};
/* End PBXNativeTarget section */

/* Begin PBXProject section */
		2793863F1F1B86B900C3946A /* Project object */ = {
			isa = PBXProject;
			attributes = {
				LastSwiftUpdateCheck = 0830;
				LastUpgradeCheck = 0830;
				ORGANIZATIONNAME = "Jakub Gac";
				TargetAttributes = {
					279386461F1B86B900C3946A = {
						CreatedOnToolsVersion = 8.3.3;
						DevelopmentTeam = KAE5HV8HDG;
						ProvisioningStyle = Automatic;
					};
				};
			};
			buildConfigurationList = 279386421F1B86B900C3946A /* Build configuration list for PBXProject "Banking App" */;
			compatibilityVersion = "Xcode 3.2";
			developmentRegion = English;
			hasScannedForEncodings = 0;
			knownRegions = (
				en,
				Base,
			);
			mainGroup = 2793863E1F1B86B900C3946A;
			productRefGroup = 279386481F1B86B900C3946A /* Products */;
			projectDirPath = "";
			projectRoot = "";
			targets = (
				279386461F1B86B900C3946A /* Banking App */,
			);
		};
/* End PBXProject section */

/* Begin PBXResourcesBuildPhase section */
		279386451F1B86B900C3946A /* Resources */ = {
			isa = PBXResourcesBuildPhase;
			buildActionMask = 2147483647;
			files = (
				279386551F1B86B900C3946A /* LaunchScreen.storyboard in Resources */,
				279386521F1B86B900C3946A /* Assets.xcassets in Resources */,
				279386501F1B86B900C3946A /* Main.storyboard in Resources */,
			);
			runOnlyForDeploymentPostprocessing = 0;
		};
/* End PBXResourcesBuildPhase section */

/* Begin PBXSourcesBuildPhase section */
		279386431F1B86B900C3946A /* Sources */ = {
			isa = PBXSourcesBuildPhase;
			buildActionMask = 2147483647;
			files = (
				2793864D1F1B86B900C3946A /* ViewController.swift in Sources */,
				2793864B1F1B86B900C3946A /* AppDelegate.swift in Sources */,
			);
			runOnlyForDeploymentPostprocessing = 0;
		};
/* End PBXSourcesBuildPhase section */

/* Begin PBXVariantGroup section */
		2793864E1F1B86B900C3946A /* Main.storyboard */ = {
			isa = PBXVariantGroup;
			children = (
				2793864F1F1B86B900C3946A /* Base */,
			);
			name = Main.storyboard;
			sourceTree = "<group>";
		};
		279386531F1B86B900C3946A /* LaunchScreen.storyboard */ = {
			isa = PBXVariantGroup;
			children = (
				279386541F1B86B900C3946A /* Base */,
			);
			name = LaunchScreen.storyboard;
			sourceTree = "<group>";
		};
/* End PBXVariantGroup section */

/* Begin XCBuildConfiguration section */
		279386571F1B86B900C3946A /* Debug */ = {
			isa = XCBuildConfiguration;
			buildSettings = {
				ALWAYS_SEARCH_USER_PATHS = NO;
				CLANG_ANALYZER_NONNULL = YES;
				CLANG_ANALYZER_NUMBER_OBJECT_CONVERSION = YES_AGGRESSIVE;
				CLANG_CXX_LANGUAGE_STANDARD = "gnu++0x";
				CLANG_CXX_LIBRARY = "libc++";
				CLANG_ENABLE_MODULES = YES;
				CLANG_ENABLE_OBJC_ARC = YES;
				CLANG_WARN_BOOL_CONVERSION = YES;
				CLANG_WARN_CONSTANT_CONVERSION = YES;
				CLANG_WARN_DIRECT_OBJC_ISA_USAGE = YES_ERROR;
				CLANG_WARN_DOCUMENTATION_COMMENTS = YES;
				CLANG_WARN_EMPTY_BODY = YES;
				CLANG_WARN_ENUM_CONVERSION = YES;
				CLANG_WARN_INFINITE_RECURSION = YES;
				CLANG_WARN_INT_CONVERSION = YES;
				CLANG_WARN_OBJC_ROOT_CLASS = YES_ERROR;
				CLANG_WARN_SUSPICIOUS_MOVE = YES;
				CLANG_WARN_UNREACHABLE_CODE = YES;
				CLANG_WARN__DUPLICATE_METHOD_MATCH = YES;
				"CODE_SIGN_IDENTITY[sdk=iphoneos*]" = "iPhone Developer";
				COPY_PHASE_STRIP = NO;
				DEBUG_INFORMATION_FORMAT = dwarf;
				ENABLE_STRICT_OBJC_MSGSEND = YES;
				ENABLE_TESTABILITY = YES;
				GCC_C_LANGUAGE_STANDARD = gnu99;
				GCC_DYNAMIC_NO_PIC = NO;
				GCC_NO_COMMON_BLOCKS = YES;
				GCC_OPTIMIZATION_LEVEL = 0;
				GCC_PREPROCESSOR_DEFINITIONS = (
					"DEBUG=1",
					"$(inherited)",
				);
				GCC_WARN_64_TO_32_BIT_CONVERSION = YES;
				GCC_WARN_ABOUT_RETURN_TYPE = YES_ERROR;
				GCC_WARN_UNDECLARED_SELECTOR = YES;
				GCC_WARN_UNINITIALIZED_AUTOS = YES_AGGRESSIVE;
				GCC_WARN_UNUSED_FUNCTION = YES;
				GCC_WARN_UNUSED_VARIABLE = YES;
				IPHONEOS_DEPLOYMENT_TARGET = 10.3;
				MTL_ENABLE_DEBUG_INFO = YES;
				ONLY_ACTIVE_ARCH = YES;
				SDKROOT = iphoneos;
				SWIFT_ACTIVE_COMPILATION_CONDITIONS = DEBUG;
				SWIFT_OPTIMIZATION_LEVEL = "-Onone";
				TARGETED_DEVICE_FAMILY = "1,2";
			};
			name = Debug;
		};
		279386581F1B86B900C3946A /* Release */ = {
			isa = XCBuildConfiguration;
			buildSettings = {
				ALWAYS_SEARCH_USER_PATHS = NO;
				CLANG_ANALYZER_NONNULL = YES;
				CLANG_ANALYZER_NUMBER_OBJECT_CONVERSION = YES_AGGRESSIVE;
				CLANG_CXX_LANGUAGE_STANDARD = "gnu++0x";
				CLANG_CXX_LIBRARY = "libc++";
				CLANG_ENABLE_MODULES = YES;
				CLANG_ENABLE_OBJC_ARC = YES;
				CLANG_WARN_BOOL_CONVERSION = YES;
				CLANG_WARN_CONSTANT_CONVERSION = YES;
				CLANG_WARN_DIRECT_OBJC_ISA_USAGE = YES_ERROR;
				CLANG_WARN_DOCUMENTATION_COMMENTS = YES;
				CLANG_WARN_EMPTY_BODY = YES;
				CLANG_WARN_ENUM_CONVERSION = YES;
				CLANG_WARN_INFINITE_RECURSION = YES;
				CLANG_WARN_INT_CONVERSION = YES;
				CLANG_WARN_OBJC_ROOT_CLASS = YES_ERROR;
				CLANG_WARN_SUSPICIOUS_MOVE = YES;
				CLANG_WARN_UNREACHABLE_CODE = YES;
				CLANG_WARN__DUPLICATE_METHOD_MATCH = YES;
				"CODE_SIGN_IDENTITY[sdk=iphoneos*]" = "iPhone Developer";
				COPY_PHASE_STRIP = NO;
				DEBUG_INFORMATION_FORMAT = "dwarf-with-dsym";
				ENABLE_NS_ASSERTIONS = NO;
				ENABLE_STRICT_OBJC_MSGSEND = YES;
				GCC_C_LANGUAGE_STANDARD = gnu99;
				GCC_NO_COMMON_BLOCKS = YES;
				GCC_WARN_64_TO_32_BIT_CONVERSION = YES;
				GCC_WARN_ABOUT_RETURN_TYPE = YES_ERROR;
				GCC_WARN_UNDECLARED_SELECTOR = YES;
				GCC_WARN_UNINITIALIZED_AUTOS = YES_AGGRESSIVE;
				GCC_WARN_UNUSED_FUNCTION = YES;
				GCC_WARN_UNUSED_VARIABLE = YES;
				IPHONEOS_DEPLOYMENT_TARGET = 10.3;
				MTL_ENABLE_DEBUG_INFO = NO;
				SDKROOT = iphoneos;
				SWIFT_OPTIMIZATION_LEVEL = "-Owholemodule";
				TARGETED_DEVICE_FAMILY = "1,2";
				VALIDATE_PRODUCT = YES;
			};
			name = Release;
		};
		2793865A1F1B86B900C3946A /* Debug */ = {
			isa = XCBuildConfiguration;
			buildSettings = {
				ASSETCATALOG_COMPILER_APPICON_NAME = AppIcon;
				DEVELOPMENT_TEAM = KAE5HV8HDG;
				INFOPLIST_FILE = "Banking App/Info.plist";
				LD_RUNPATH_SEARCH_PATHS = "$(inherited) @executable_path/Frameworks";
				PRODUCT_BUNDLE_IDENTIFIER = "jg.Banking-App";
				PRODUCT_NAME = "$(TARGET_NAME)";
				SWIFT_VERSION = 3.0;
			};
			name = Debug;
		};
		2793865B1F1B86B900C3946A /* Release */ = {
			isa = XCBuildConfiguration;
			buildSettings = {
				ASSETCATALOG_COMPILER_APPICON_NAME = AppIcon;
				DEVELOPMENT_TEAM = KAE5HV8HDG;
				INFOPLIST_FILE = "Banking App/Info.plist";
				LD_RUNPATH_SEARCH_PATHS = "$(inherited) @executable_path/Frameworks";
				PRODUCT_BUNDLE_IDENTIFIER = "jg.Banking-App";
				PRODUCT_NAME = "$(TARGET_NAME)";
				SWIFT_VERSION = 3.0;
			};
			name = Release;
		};
/* End XCBuildConfiguration section */

/* Begin XCConfigurationList section */
		279386421F1B86B900C3946A /* Build configuration list for PBXProject "Banking App" */ = {
			isa = XCConfigurationList;
			buildConfigurations = (
				279386571F1B86B900C3946A /* Debug */,
				279386581F1B86B900C3946A /* Release */,
			);
			defaultConfigurationIsVisible = 0;
			defaultConfigurationName = Release;
		};
		279386591F1B86B900C3946A /* Build configuration list for PBXNativeTarget "Banking App" */ = {
			isa = XCConfigurationList;
			buildConfigurations = (
				2793865A1F1B86B900C3946A /* Debug */,
				2793865B1F1B86B900C3946A /* Release */,
			);
			defaultConfigurationIsVisible = 0;
		};
/* End XCConfigurationList section */
	};
	rootObject = 2793863F1F1B86B900C3946A /* Project object */;
}
